<?xml version="1.0" encoding="utf-8"?>
<Project ToolsVersion="4.0" xmlns="http://schemas.microsoft.com/developer/msbuild/2003">
  <ItemGroup>
    <Filter Include="Platform">
      <UniqueIdentifier>{2AC788B4-1694-E3BF-3FAD-D1672BD9184E}</UniqueIdentifier>
    </Filter>
    <Filter Include="Platform\OpenGL">
      <UniqueIdentifier>{1E7D2C1D-8A08-9AE1-9319-1DD6FF23F6E1}</UniqueIdentifier>
    </Filter>
    <Filter Include="ZJY">
      <UniqueIdentifier>{A23B880B-0E45-887C-97C0-9E7C03C9937C}</UniqueIdentifier>
    </Filter>
    <Filter Include="ZJY\Core">
      <UniqueIdentifier>{3AF5419E-26C2-9CA9-4FDB-8A513B07D237}</UniqueIdentifier>
    </Filter>
    <Filter Include="ZJY\Events">
      <UniqueIdentifier>{463DB63B-32F5-F788-9BFC-D0E487D39279}</UniqueIdentifier>
    </Filter>
    <Filter Include="ZJY\ImGui">
      <UniqueIdentifier>{4C62EB66-B8CC-9FDD-010B-51836DB47D32}</UniqueIdentifier>
    </Filter>
  </ItemGroup>
  <ItemGroup>
    <ClInclude Include="src\Platform\OpenGL\ImGuiOpenGLRenderer.h">
      <Filter>Platform\OpenGL</Filter>
    </ClInclude>
    <ClInclude Include="src\Platform\WindowsWindow.h">
      <Filter>Platform</Filter>
    </ClInclude>
    <ClInclude Include="src\ZJY.h" />
    <ClInclude Include="src\ZJY\Core.h">
      <Filter>ZJY</Filter>
    </ClInclude>
    <ClInclude Include="src\ZJY\Core\Application.h">
      <Filter>ZJY\Core</Filter>
    </ClInclude>
    <ClInclude Include="src\ZJY\Core\EntryPoint.h">
      <Filter>ZJY\Core</Filter>
    </ClInclude>
    <ClInclude Include="src\ZJY\Core\KeyCodes.h">
      <Filter>ZJY\Core</Filter>
    </ClInclude>
    <ClInclude Include="src\ZJY\Core\Layer.h">
      <Filter>ZJY\Core</Filter>
    </ClInclude>
    <ClInclude Include="src\ZJY\Core\LayerStack.h">
      <Filter>ZJY\Core</Filter>
    </ClInclude>
    <ClInclude Include="src\ZJY\Core\Log.h">
      <Filter>ZJY\Core</Filter>
    </ClInclude>
    <ClInclude Include="src\ZJY\Core\MouseCodes.h">
      <Filter>ZJY\Core</Filter>
    </ClInclude>
    <ClInclude Include="src\ZJY\Events\ApplicationEvent.h">
      <Filter>ZJY\Events</Filter>
    </ClInclude>
    <ClInclude Include="src\ZJY\Events\Event.h">
      <Filter>ZJY\Events</Filter>
    </ClInclude>
    <ClInclude Include="src\ZJY\Events\KeyEvent.h">
      <Filter>ZJY\Events</Filter>
    </ClInclude>
    <ClInclude Include="src\ZJY\Events\MouseEvent.h">
      <Filter>ZJY\Events</Filter>
    </ClInclude>
    <ClInclude Include="src\ZJY\ImGui\ImGuiLayer.h">
      <Filter>ZJY\ImGui</Filter>
    </ClInclude>
    <ClInclude Include="src\ZJY\Window.h">
      <Filter>ZJY</Filter>
    </ClInclude>
    <ClInclude Include="src\hzpch.h" />
    <ClInclude Include="src\ZJY\Core\Input.h" />
    <ClInclude Include="src\Platform\WindowsInput.h" />
  </ItemGroup>
  <ItemGroup>
    <ClCompile Include="src\Platform\OpenGL\ImGuiOpenGLRenderer.cpp">
      <Filter>Platform\OpenGL</Filter>
    </ClCompile>
    <ClCompile Include="src\Platform\WindowsWindow.cpp">
      <Filter>Platform</Filter>
    </ClCompile>
    <ClCompile Include="src\ZJY\Core\Application.cpp">
      <Filter>ZJY\Core</Filter>
    </ClCompile>
    <ClCompile Include="src\ZJY\Core\Layer.cpp">
      <Filter>ZJY\Core</Filter>
    </ClCompile>
    <ClCompile Include="src\ZJY\Core\LayerStack.cpp">
      <Filter>ZJY\Core</Filter>
    </ClCompile>
    <ClCompile Include="src\ZJY\Core\Log.cpp">
      <Filter>ZJY\Core</Filter>
    </ClCompile>
    <ClCompile Include="src\ZJY\ImGui\ImGuiLayer.cpp">
      <Filter>ZJY\ImGui</Filter>
    </ClCompile>
    <ClCompile Include="src\hzpch.cpp" />
    <ClCompile Include="src\Platform\WindowsInput.cpp" />
  </ItemGroup>
</Project>